
Microsoft Visual Studio Solution File, Format Version 12.00
# Visual Studio Version 17
VisualStudioVersion = 17.5.002.0
MinimumVisualStudioVersion = 10.0.40219.1
Project("{9A19103F-16F7-4668-BE54-9A1E7A4F7556}") = "WEB_253503_Soroka.UI", "WEB_253503_Soroka.UI\WEB_253503_Soroka.UI.csproj", "{415BAA1A-49B0-455A-B806-DA996D9244BB}"
EndProject
Project("{FAE04EC0-301F-11D3-BF4B-00C04F79EFBC}") = "WEB_253503_Soroka.Domain", "WEB_253503_Soroka.Domain\WEB_253503_Soroka.Domain.csproj", "{84AC1E55-777F-41E0-A164-08A9A90E760B}"
EndProject
Project("{FAE04EC0-301F-11D3-BF4B-00C04F79EFBC}") = "WEB_253503_Soroka.API", "WEB_253503_Soroka.API\WEB_253503_Soroka.API.csproj", "{91C9BFCE-E18D-4EAE-BFCE-EFC4EDE0B1FE}"
EndProject
Global
	GlobalSection(SolutionConfigurationPlatforms) = preSolution
		Debug|Any CPU = Debug|Any CPU
		Release|Any CPU = Release|Any CPU
	EndGlobalSection
	GlobalSection(ProjectConfigurationPlatforms) = postSolution
		{415BAA1A-49B0-455A-B806-DA996D9244BB}.Debug|Any CPU.ActiveCfg = Debug|Any CPU
		{415BAA1A-49B0-455A-B806-DA996D9244BB}.Debug|Any CPU.Build.0 = Debug|Any CPU
		{415BAA1A-49B0-455A-B806-DA996D9244BB}.Release|Any CPU.ActiveCfg = Release|Any CPU
		{415BAA1A-49B0-455A-B806-DA996D9244BB}.Release|Any CPU.Build.0 = Release|Any CPU
		{84AC1E55-777F-41E0-A164-08A9A90E760B}.Debug|Any CPU.ActiveCfg = Debug|Any CPU
		{84AC1E55-777F-41E0-A164-08A9A90E760B}.Debug|Any CPU.Build.0 = Debug|Any CPU
		{84AC1E55-777F-41E0-A164-08A9A90E760B}.Release|Any CPU.ActiveCfg = Release|Any CPU
		{84AC1E55-777F-41E0-A164-08A9A90E760B}.Release|Any CPU.Build.0 = Release|Any CPU
		{91C9BFCE-E18D-4EAE-BFCE-EFC4EDE0B1FE}.Debug|Any CPU.ActiveCfg = Debug|Any CPU
		{91C9BFCE-E18D-4EAE-BFCE-EFC4EDE0B1FE}.Debug|Any CPU.Build.0 = Debug|Any CPU
		{91C9BFCE-E18D-4EAE-BFCE-EFC4EDE0B1FE}.Release|Any CPU.ActiveCfg = Release|Any CPU
		{91C9BFCE-E18D-4EAE-BFCE-EFC4EDE0B1FE}.Release|Any CPU.Build.0 = Release|Any CPU
	EndGlobalSection
	GlobalSection(SolutionProperties) = preSolution
		HideSolutionNode = FALSE
	EndGlobalSection
	GlobalSection(ExtensibilityGlobals) = postSolution
		SolutionGuid = {9495C083-E3B9-4C0D-B16C-32DAD235342C}
	EndGlobalSection
EndGlobal
